
Microsoft Visual Studio Solution File, Format Version 12.00
# Visual Studio Version 16
VisualStudioVersion = 16.0.31624.102
MinimumVisualStudioVersion = 10.0.40219.1
Project("{FAE04EC0-301F-11D3-BF4B-00C04F79EFBC}") = "BD_51", "BD_51\BD_51.csproj", "{D05BD437-64E3-4C4B-9DA6-E00584A6101F}"
EndProject
Global
	GlobalSection(SolutionConfigurationPlatforms) = preSolution
		Debug|Any CPU = Debug|Any CPU
		Release|Any CPU = Release|Any CPU
	EndGlobalSection
	GlobalSection(ProjectConfigurationPlatforms) = postSolution
		{D05BD437-64E3-4C4B-9DA6-E00584A6101F}.Debug|Any CPU.ActiveCfg = Debug|Any CPU
		{D05BD437-64E3-4C4B-9DA6-E00584A6101F}.Debug|Any CPU.Build.0 = Debug|Any CPU
		{D05BD437-64E3-4C4B-9DA6-E00584A6101F}.Release|Any CPU.ActiveCfg = Release|Any CPU
		{D05BD437-64E3-4C4B-9DA6-E00584A6101F}.Release|Any CPU.Build.0 = Release|Any CPU
	EndGlobalSection
	GlobalSection(SolutionProperties) = preSolution
		HideSolutionNode = FALSE
	EndGlobalSection
	GlobalSection(ExtensibilityGlobals) = postSolution
		SolutionGuid = {F1C17CD2-D43D-4FCF-8D6E-E85C00EA5EBA}
	EndGlobalSection
EndGlobal
